
Microsoft Visual Studio Solution File, Format Version 12.00
# Visual Studio Version 16
VisualStudioVersion = 16.0.29920.165
MinimumVisualStudioVersion = 10.0.40219.1
Project("{FAE04EC0-301F-11D3-BF4B-00C04F79EFBC}") = "Okuma Monitor Tools", "Okuma Monitor Tools\Okuma Monitor Tools.csproj", "{B630E56C-B993-4BA0-9AE1-A4F46CF06692}"
EndProject
Global
	GlobalSection(SolutionConfigurationPlatforms) = preSolution
		Debug|Any CPU = Debug|Any CPU
		Release|Any CPU = Release|Any CPU
	EndGlobalSection
	GlobalSection(ProjectConfigurationPlatforms) = postSolution
		{B630E56C-B993-4BA0-9AE1-A4F46CF06692}.Debug|Any CPU.ActiveCfg = Debug|Any CPU
		{B630E56C-B993-4BA0-9AE1-A4F46CF06692}.Debug|Any CPU.Build.0 = Debug|Any CPU
		{B630E56C-B993-4BA0-9AE1-A4F46CF06692}.Release|Any CPU.ActiveCfg = Release|Any CPU
		{B630E56C-B993-4BA0-9AE1-A4F46CF06692}.Release|Any CPU.Build.0 = Release|Any CPU
	EndGlobalSection
	GlobalSection(SolutionProperties) = preSolution
		HideSolutionNode = FALSE
	EndGlobalSection
	GlobalSection(ExtensibilityGlobals) = postSolution
		SolutionGuid = {E66CB9C9-1FE6-4BCE-82AE-20E0627A5785}
	EndGlobalSection
EndGlobal
