
Microsoft Visual Studio Solution File, Format Version 12.00
# Visual Studio Version 16
VisualStudioVersion = 16.0.29920.165
MinimumVisualStudioVersion = 10.0.40219.1
Project("{FAE04EC0-301F-11D3-BF4B-00C04F79EFBC}") = "UtilityCode", "UtilityCode\UtilityCode.csproj", "{FC0F234A-E4C8-4C41-8E0A-061D2FBCF5D3}"
EndProject
Global
	GlobalSection(SolutionConfigurationPlatforms) = preSolution
		Debug|Any CPU = Debug|Any CPU
		Release|Any CPU = Release|Any CPU
	EndGlobalSection
	GlobalSection(ProjectConfigurationPlatforms) = postSolution
		{FC0F234A-E4C8-4C41-8E0A-061D2FBCF5D3}.Debug|Any CPU.ActiveCfg = Debug|Any CPU
		{FC0F234A-E4C8-4C41-8E0A-061D2FBCF5D3}.Debug|Any CPU.Build.0 = Debug|Any CPU
		{FC0F234A-E4C8-4C41-8E0A-061D2FBCF5D3}.Release|Any CPU.ActiveCfg = Release|Any CPU
		{FC0F234A-E4C8-4C41-8E0A-061D2FBCF5D3}.Release|Any CPU.Build.0 = Release|Any CPU
	EndGlobalSection
	GlobalSection(SolutionProperties) = preSolution
		HideSolutionNode = FALSE
	EndGlobalSection
	GlobalSection(ExtensibilityGlobals) = postSolution
		SolutionGuid = {E9BB14E3-8E32-4EA9-AF87-B907E5ECACF1}
	EndGlobalSection
EndGlobal
